
Microsoft Visual Studio Solution File, Format Version 12.00
# Visual Studio 14
VisualStudioVersion = 14.0.25420.1
MinimumVisualStudioVersion = 10.0.40219.1
Project("{FAE04EC0-301F-11D3-BF4B-00C04F79EFBC}") = "handyNews.UWP", "handyNews.UWP\handyNews.UWP.csproj", "{FE435333-C46D-4966-8A39-50C34AF4CDCE}"
EndProject
Project("{FAE04EC0-301F-11D3-BF4B-00C04F79EFBC}") = "handyNews.Domain", "handyNews.Domain\handyNews.Domain.csproj", "{4689B57E-BE03-4104-874E-2EE5C0D58A6F}"
EndProject
Project("{FAE04EC0-301F-11D3-BF4B-00C04F79EFBC}") = "handyNews.Domain.Tests", "handyNews.Domain.Tests\handyNews.Domain.Tests.csproj", "{76CAD9A2-8F8D-4D9C-A62D-252B53C2C4BE}"
EndProject
Project("{FAE04EC0-301F-11D3-BF4B-00C04F79EFBC}") = "handyNews.Inoreader", "handyNews.Inoreader\handyNews.Inoreader.csproj", "{B1C3CBD1-C595-4CE3-8C13-68A6A514E4F9}"
EndProject
Global
	GlobalSection(SolutionConfigurationPlatforms) = preSolution
		Debug UWP|Any CPU = Debug UWP|Any CPU
		Debug UWP|ARM = Debug UWP|ARM
		Debug UWP|x64 = Debug UWP|x64
		Debug UWP|x86 = Debug UWP|x86
		Debug|Any CPU = Debug|Any CPU
		Debug|ARM = Debug|ARM
		Debug|x64 = Debug|x64
		Debug|x86 = Debug|x86
		Release|Any CPU = Release|Any CPU
		Release|ARM = Release|ARM
		Release|x64 = Release|x64
		Release|x86 = Release|x86
	EndGlobalSection
	GlobalSection(ProjectConfigurationPlatforms) = postSolution
		{FE435333-C46D-4966-8A39-50C34AF4CDCE}.Debug UWP|Any CPU.ActiveCfg = Debug UWP|x86
		{FE435333-C46D-4966-8A39-50C34AF4CDCE}.Debug UWP|ARM.ActiveCfg = Debug UWP|ARM
		{FE435333-C46D-4966-8A39-50C34AF4CDCE}.Debug UWP|ARM.Build.0 = Debug UWP|ARM
		{FE435333-C46D-4966-8A39-50C34AF4CDCE}.Debug UWP|ARM.Deploy.0 = Debug UWP|ARM
		{FE435333-C46D-4966-8A39-50C34AF4CDCE}.Debug UWP|x64.ActiveCfg = Debug UWP|x64
		{FE435333-C46D-4966-8A39-50C34AF4CDCE}.Debug UWP|x64.Build.0 = Debug UWP|x64
		{FE435333-C46D-4966-8A39-50C34AF4CDCE}.Debug UWP|x64.Deploy.0 = Debug UWP|x64
		{FE435333-C46D-4966-8A39-50C34AF4CDCE}.Debug UWP|x86.ActiveCfg = Debug UWP|x86
		{FE435333-C46D-4966-8A39-50C34AF4CDCE}.Debug UWP|x86.Build.0 = Debug UWP|x86
		{FE435333-C46D-4966-8A39-50C34AF4CDCE}.Debug UWP|x86.Deploy.0 = Debug UWP|x86
		{FE435333-C46D-4966-8A39-50C34AF4CDCE}.Debug|Any CPU.ActiveCfg = Debug|x86
		{FE435333-C46D-4966-8A39-50C34AF4CDCE}.Debug|ARM.ActiveCfg = Debug|ARM
		{FE435333-C46D-4966-8A39-50C34AF4CDCE}.Debug|ARM.Build.0 = Debug|ARM
		{FE435333-C46D-4966-8A39-50C34AF4CDCE}.Debug|ARM.Deploy.0 = Debug|ARM
		{FE435333-C46D-4966-8A39-50C34AF4CDCE}.Debug|x64.ActiveCfg = Debug|x64
		{FE435333-C46D-4966-8A39-50C34AF4CDCE}.Debug|x64.Build.0 = Debug|x64
		{FE435333-C46D-4966-8A39-50C34AF4CDCE}.Debug|x64.Deploy.0 = Debug|x64
		{FE435333-C46D-4966-8A39-50C34AF4CDCE}.Debug|x86.ActiveCfg = Debug|x86
		{FE435333-C46D-4966-8A39-50C34AF4CDCE}.Debug|x86.Build.0 = Debug|x86
		{FE435333-C46D-4966-8A39-50C34AF4CDCE}.Debug|x86.Deploy.0 = Debug|x86
		{FE435333-C46D-4966-8A39-50C34AF4CDCE}.Release|Any CPU.ActiveCfg = Release|x86
		{FE435333-C46D-4966-8A39-50C34AF4CDCE}.Release|ARM.ActiveCfg = Release|ARM
		{FE435333-C46D-4966-8A39-50C34AF4CDCE}.Release|ARM.Build.0 = Release|ARM
		{FE435333-C46D-4966-8A39-50C34AF4CDCE}.Release|ARM.Deploy.0 = Release|ARM
		{FE435333-C46D-4966-8A39-50C34AF4CDCE}.Release|x64.ActiveCfg = Release|x64
		{FE435333-C46D-4966-8A39-50C34AF4CDCE}.Release|x64.Build.0 = Release|x64
		{FE435333-C46D-4966-8A39-50C34AF4CDCE}.Release|x64.Deploy.0 = Release|x64
		{FE435333-C46D-4966-8A39-50C34AF4CDCE}.Release|x86.ActiveCfg = Release|x86
		{FE435333-C46D-4966-8A39-50C34AF4CDCE}.Release|x86.Build.0 = Release|x86
		{FE435333-C46D-4966-8A39-50C34AF4CDCE}.Release|x86.Deploy.0 = Release|x86
		{4689B57E-BE03-4104-874E-2EE5C0D58A6F}.Debug UWP|Any CPU.ActiveCfg = Debug|Any CPU
		{4689B57E-BE03-4104-874E-2EE5C0D58A6F}.Debug UWP|Any CPU.Build.0 = Debug|Any CPU
		{4689B57E-BE03-4104-874E-2EE5C0D58A6F}.Debug UWP|ARM.ActiveCfg = Debug|ARM
		{4689B57E-BE03-4104-874E-2EE5C0D58A6F}.Debug UWP|ARM.Build.0 = Debug|ARM
		{4689B57E-BE03-4104-874E-2EE5C0D58A6F}.Debug UWP|x64.ActiveCfg = Debug|x64
		{4689B57E-BE03-4104-874E-2EE5C0D58A6F}.Debug UWP|x64.Build.0 = Debug|x64
		{4689B57E-BE03-4104-874E-2EE5C0D58A6F}.Debug UWP|x86.ActiveCfg = Debug|x86
		{4689B57E-BE03-4104-874E-2EE5C0D58A6F}.Debug UWP|x86.Build.0 = Debug|x86
		{4689B57E-BE03-4104-874E-2EE5C0D58A6F}.Debug|Any CPU.ActiveCfg = Debug|Any CPU
		{4689B57E-BE03-4104-874E-2EE5C0D58A6F}.Debug|Any CPU.Build.0 = Debug|Any CPU
		{4689B57E-BE03-4104-874E-2EE5C0D58A6F}.Debug|ARM.ActiveCfg = Debug|ARM
		{4689B57E-BE03-4104-874E-2EE5C0D58A6F}.Debug|ARM.Build.0 = Debug|ARM
		{4689B57E-BE03-4104-874E-2EE5C0D58A6F}.Debug|x64.ActiveCfg = Debug|x64
		{4689B57E-BE03-4104-874E-2EE5C0D58A6F}.Debug|x64.Build.0 = Debug|x64
		{4689B57E-BE03-4104-874E-2EE5C0D58A6F}.Debug|x86.ActiveCfg = Debug|x86
		{4689B57E-BE03-4104-874E-2EE5C0D58A6F}.Debug|x86.Build.0 = Debug|x86
		{4689B57E-BE03-4104-874E-2EE5C0D58A6F}.Release|Any CPU.ActiveCfg = Release|Any CPU
		{4689B57E-BE03-4104-874E-2EE5C0D58A6F}.Release|Any CPU.Build.0 = Release|Any CPU
		{4689B57E-BE03-4104-874E-2EE5C0D58A6F}.Release|ARM.ActiveCfg = Release|ARM
		{4689B57E-BE03-4104-874E-2EE5C0D58A6F}.Release|ARM.Build.0 = Release|ARM
		{4689B57E-BE03-4104-874E-2EE5C0D58A6F}.Release|x64.ActiveCfg = Release|x64
		{4689B57E-BE03-4104-874E-2EE5C0D58A6F}.Release|x64.Build.0 = Release|x64
		{4689B57E-BE03-4104-874E-2EE5C0D58A6F}.Release|x86.ActiveCfg = Release|x86
		{4689B57E-BE03-4104-874E-2EE5C0D58A6F}.Release|x86.Build.0 = Release|x86
		{76CAD9A2-8F8D-4D9C-A62D-252B53C2C4BE}.Debug UWP|Any CPU.ActiveCfg = Release|x64
		{76CAD9A2-8F8D-4D9C-A62D-252B53C2C4BE}.Debug UWP|Any CPU.Build.0 = Release|x64
		{76CAD9A2-8F8D-4D9C-A62D-252B53C2C4BE}.Debug UWP|Any CPU.Deploy.0 = Release|x64
		{76CAD9A2-8F8D-4D9C-A62D-252B53C2C4BE}.Debug UWP|ARM.ActiveCfg = Debug|ARM
		{76CAD9A2-8F8D-4D9C-A62D-252B53C2C4BE}.Debug UWP|ARM.Build.0 = Debug|ARM
		{76CAD9A2-8F8D-4D9C-A62D-252B53C2C4BE}.Debug UWP|ARM.Deploy.0 = Debug|ARM
		{76CAD9A2-8F8D-4D9C-A62D-252B53C2C4BE}.Debug UWP|x64.ActiveCfg = Debug|x64
		{76CAD9A2-8F8D-4D9C-A62D-252B53C2C4BE}.Debug UWP|x64.Build.0 = Debug|x64
		{76CAD9A2-8F8D-4D9C-A62D-252B53C2C4BE}.Debug UWP|x64.Deploy.0 = Debug|x64
		{76CAD9A2-8F8D-4D9C-A62D-252B53C2C4BE}.Debug UWP|x86.ActiveCfg = Debug|x86
		{76CAD9A2-8F8D-4D9C-A62D-252B53C2C4BE}.Debug|Any CPU.ActiveCfg = Debug|x86
		{76CAD9A2-8F8D-4D9C-A62D-252B53C2C4BE}.Debug|ARM.ActiveCfg = Debug|ARM
		{76CAD9A2-8F8D-4D9C-A62D-252B53C2C4BE}.Debug|ARM.Build.0 = Debug|ARM
		{76CAD9A2-8F8D-4D9C-A62D-252B53C2C4BE}.Debug|ARM.Deploy.0 = Debug|ARM
		{76CAD9A2-8F8D-4D9C-A62D-252B53C2C4BE}.Debug|x64.ActiveCfg = Debug|x64
		{76CAD9A2-8F8D-4D9C-A62D-252B53C2C4BE}.Debug|x64.Build.0 = Debug|x64
		{76CAD9A2-8F8D-4D9C-A62D-252B53C2C4BE}.Debug|x64.Deploy.0 = Debug|x64
		{76CAD9A2-8F8D-4D9C-A62D-252B53C2C4BE}.Debug|x86.ActiveCfg = Debug|x86
		{76CAD9A2-8F8D-4D9C-A62D-252B53C2C4BE}.Debug|x86.Build.0 = Debug|x86
		{76CAD9A2-8F8D-4D9C-A62D-252B53C2C4BE}.Debug|x86.Deploy.0 = Debug|x86
		{76CAD9A2-8F8D-4D9C-A62D-252B53C2C4BE}.Release|Any CPU.ActiveCfg = Release|x86
		{76CAD9A2-8F8D-4D9C-A62D-252B53C2C4BE}.Release|ARM.ActiveCfg = Release|ARM
		{76CAD9A2-8F8D-4D9C-A62D-252B53C2C4BE}.Release|ARM.Build.0 = Release|ARM
		{76CAD9A2-8F8D-4D9C-A62D-252B53C2C4BE}.Release|ARM.Deploy.0 = Release|ARM
		{76CAD9A2-8F8D-4D9C-A62D-252B53C2C4BE}.Release|x64.ActiveCfg = Release|x64
		{76CAD9A2-8F8D-4D9C-A62D-252B53C2C4BE}.Release|x64.Build.0 = Release|x64
		{76CAD9A2-8F8D-4D9C-A62D-252B53C2C4BE}.Release|x64.Deploy.0 = Release|x64
		{76CAD9A2-8F8D-4D9C-A62D-252B53C2C4BE}.Release|x86.ActiveCfg = Release|x86
		{76CAD9A2-8F8D-4D9C-A62D-252B53C2C4BE}.Release|x86.Build.0 = Release|x86
		{76CAD9A2-8F8D-4D9C-A62D-252B53C2C4BE}.Release|x86.Deploy.0 = Release|x86
		{B1C3CBD1-C595-4CE3-8C13-68A6A514E4F9}.Debug UWP|Any CPU.ActiveCfg = Debug|Any CPU
		{B1C3CBD1-C595-4CE3-8C13-68A6A514E4F9}.Debug UWP|Any CPU.Build.0 = Debug|Any CPU
		{B1C3CBD1-C595-4CE3-8C13-68A6A514E4F9}.Debug UWP|ARM.ActiveCfg = Debug|ARM
		{B1C3CBD1-C595-4CE3-8C13-68A6A514E4F9}.Debug UWP|ARM.Build.0 = Debug|ARM
		{B1C3CBD1-C595-4CE3-8C13-68A6A514E4F9}.Debug UWP|x64.ActiveCfg = Debug|x64
		{B1C3CBD1-C595-4CE3-8C13-68A6A514E4F9}.Debug UWP|x64.Build.0 = Debug|x64
		{B1C3CBD1-C595-4CE3-8C13-68A6A514E4F9}.Debug UWP|x86.ActiveCfg = Debug|x86
		{B1C3CBD1-C595-4CE3-8C13-68A6A514E4F9}.Debug UWP|x86.Build.0 = Debug|x86
		{B1C3CBD1-C595-4CE3-8C13-68A6A514E4F9}.Debug|Any CPU.ActiveCfg = Debug|Any CPU
		{B1C3CBD1-C595-4CE3-8C13-68A6A514E4F9}.Debug|Any CPU.Build.0 = Debug|Any CPU
		{B1C3CBD1-C595-4CE3-8C13-68A6A514E4F9}.Debug|ARM.ActiveCfg = Debug|ARM
		{B1C3CBD1-C595-4CE3-8C13-68A6A514E4F9}.Debug|ARM.Build.0 = Debug|ARM
		{B1C3CBD1-C595-4CE3-8C13-68A6A514E4F9}.Debug|x64.ActiveCfg = Debug|x64
		{B1C3CBD1-C595-4CE3-8C13-68A6A514E4F9}.Debug|x64.Build.0 = Debug|x64
		{B1C3CBD1-C595-4CE3-8C13-68A6A514E4F9}.Debug|x86.ActiveCfg = Debug|x86
		{B1C3CBD1-C595-4CE3-8C13-68A6A514E4F9}.Debug|x86.Build.0 = Debug|x86
		{B1C3CBD1-C595-4CE3-8C13-68A6A514E4F9}.Release|Any CPU.ActiveCfg = Release|Any CPU
		{B1C3CBD1-C595-4CE3-8C13-68A6A514E4F9}.Release|Any CPU.Build.0 = Release|Any CPU
		{B1C3CBD1-C595-4CE3-8C13-68A6A514E4F9}.Release|ARM.ActiveCfg = Release|ARM
		{B1C3CBD1-C595-4CE3-8C13-68A6A514E4F9}.Release|ARM.Build.0 = Release|ARM
		{B1C3CBD1-C595-4CE3-8C13-68A6A514E4F9}.Release|x64.ActiveCfg = Release|x64
		{B1C3CBD1-C595-4CE3-8C13-68A6A514E4F9}.Release|x64.Build.0 = Release|x64
		{B1C3CBD1-C595-4CE3-8C13-68A6A514E4F9}.Release|x86.ActiveCfg = Release|x86
		{B1C3CBD1-C595-4CE3-8C13-68A6A514E4F9}.Release|x86.Build.0 = Release|x86
	EndGlobalSection
	GlobalSection(SolutionProperties) = preSolution
		HideSolutionNode = FALSE
	EndGlobalSection
EndGlobal
