
Microsoft Visual Studio Solution File, Format Version 12.00
# Visual Studio 2013
VisualStudioVersion = 12.0.31101.0
MinimumVisualStudioVersion = 10.0.40219.1
Project("{2150E333-8FDC-42A3-9474-1A3956D46DE8}") = "UI", "UI", "{344F7495-2116-43C8-AE71-EBC6C4C00851}"
EndProject
Project("{FAE04EC0-301F-11D3-BF4B-00C04F79EFBC}") = "Inoreader.WindowsPhone", "Inoreader\Inoreader.WindowsPhone\Inoreader.WindowsPhone.csproj", "{7ACCA6A9-35BC-42FA-87D0-16FAF2165403}"
EndProject
Project("{FAE04EC0-301F-11D3-BF4B-00C04F79EFBC}") = "Inoreader.Api", "Inoreader.Api\Inoreader.Api.csproj", "{12EC6B39-AC35-4909-B18A-54E427402552}"
EndProject
Project("{FAE04EC0-301F-11D3-BF4B-00C04F79EFBC}") = "Inoreader.Tests", "Inoreader.Tests\Inoreader.Tests.csproj", "{6B7CA140-A928-4F7C-BDCD-7813EE043D05}"
EndProject
Project("{2150E333-8FDC-42A3-9474-1A3956D46DE8}") = "Tests", "Tests", "{FA60D082-1956-48EB-809E-FCBC4B0F5E84}"
EndProject
Project("{2150E333-8FDC-42A3-9474-1A3956D46DE8}") = "BLL", "BLL", "{3D10D58F-B55D-4F1D-8066-D85136DC0C07}"
EndProject
Project("{FAE04EC0-301F-11D3-BF4B-00C04F79EFBC}") = "Inoreader.Domain", "Inoreader.Domain\Inoreader.Domain.csproj", "{4192BEF7-2C53-4945-A8B0-AAA923C5891D}"
EndProject
Global
	GlobalSection(SolutionConfigurationPlatforms) = preSolution
		Debug|Any CPU = Debug|Any CPU
		Debug|ARM = Debug|ARM
		Debug|Mixed Platforms = Debug|Mixed Platforms
		Debug|x64 = Debug|x64
		Debug|x86 = Debug|x86
		Release|Any CPU = Release|Any CPU
		Release|ARM = Release|ARM
		Release|Mixed Platforms = Release|Mixed Platforms
		Release|x64 = Release|x64
		Release|x86 = Release|x86
	EndGlobalSection
	GlobalSection(ProjectConfigurationPlatforms) = postSolution
		{7ACCA6A9-35BC-42FA-87D0-16FAF2165403}.Debug|Any CPU.ActiveCfg = Debug|Any CPU
		{7ACCA6A9-35BC-42FA-87D0-16FAF2165403}.Debug|Any CPU.Build.0 = Debug|Any CPU
		{7ACCA6A9-35BC-42FA-87D0-16FAF2165403}.Debug|Any CPU.Deploy.0 = Debug|Any CPU
		{7ACCA6A9-35BC-42FA-87D0-16FAF2165403}.Debug|ARM.ActiveCfg = Debug|ARM
		{7ACCA6A9-35BC-42FA-87D0-16FAF2165403}.Debug|ARM.Build.0 = Debug|ARM
		{7ACCA6A9-35BC-42FA-87D0-16FAF2165403}.Debug|ARM.Deploy.0 = Debug|ARM
		{7ACCA6A9-35BC-42FA-87D0-16FAF2165403}.Debug|Mixed Platforms.ActiveCfg = Debug|x86
		{7ACCA6A9-35BC-42FA-87D0-16FAF2165403}.Debug|Mixed Platforms.Build.0 = Debug|x86
		{7ACCA6A9-35BC-42FA-87D0-16FAF2165403}.Debug|Mixed Platforms.Deploy.0 = Debug|x86
		{7ACCA6A9-35BC-42FA-87D0-16FAF2165403}.Debug|x64.ActiveCfg = Debug|Any CPU
		{7ACCA6A9-35BC-42FA-87D0-16FAF2165403}.Debug|x86.ActiveCfg = Debug|x86
		{7ACCA6A9-35BC-42FA-87D0-16FAF2165403}.Debug|x86.Build.0 = Debug|x86
		{7ACCA6A9-35BC-42FA-87D0-16FAF2165403}.Debug|x86.Deploy.0 = Debug|x86
		{7ACCA6A9-35BC-42FA-87D0-16FAF2165403}.Release|Any CPU.ActiveCfg = Release|Any CPU
		{7ACCA6A9-35BC-42FA-87D0-16FAF2165403}.Release|Any CPU.Build.0 = Release|Any CPU
		{7ACCA6A9-35BC-42FA-87D0-16FAF2165403}.Release|Any CPU.Deploy.0 = Release|Any CPU
		{7ACCA6A9-35BC-42FA-87D0-16FAF2165403}.Release|ARM.ActiveCfg = Release|ARM
		{7ACCA6A9-35BC-42FA-87D0-16FAF2165403}.Release|ARM.Build.0 = Release|ARM
		{7ACCA6A9-35BC-42FA-87D0-16FAF2165403}.Release|ARM.Deploy.0 = Release|ARM
		{7ACCA6A9-35BC-42FA-87D0-16FAF2165403}.Release|Mixed Platforms.ActiveCfg = Release|x86
		{7ACCA6A9-35BC-42FA-87D0-16FAF2165403}.Release|Mixed Platforms.Build.0 = Release|x86
		{7ACCA6A9-35BC-42FA-87D0-16FAF2165403}.Release|Mixed Platforms.Deploy.0 = Release|x86
		{7ACCA6A9-35BC-42FA-87D0-16FAF2165403}.Release|x64.ActiveCfg = Release|Any CPU
		{7ACCA6A9-35BC-42FA-87D0-16FAF2165403}.Release|x86.ActiveCfg = Release|x86
		{7ACCA6A9-35BC-42FA-87D0-16FAF2165403}.Release|x86.Build.0 = Release|x86
		{7ACCA6A9-35BC-42FA-87D0-16FAF2165403}.Release|x86.Deploy.0 = Release|x86
		{12EC6B39-AC35-4909-B18A-54E427402552}.Debug|Any CPU.ActiveCfg = Debug|Any CPU
		{12EC6B39-AC35-4909-B18A-54E427402552}.Debug|Any CPU.Build.0 = Debug|Any CPU
		{12EC6B39-AC35-4909-B18A-54E427402552}.Debug|ARM.ActiveCfg = Debug|ARM
		{12EC6B39-AC35-4909-B18A-54E427402552}.Debug|ARM.Build.0 = Debug|ARM
		{12EC6B39-AC35-4909-B18A-54E427402552}.Debug|Mixed Platforms.ActiveCfg = Debug|x86
		{12EC6B39-AC35-4909-B18A-54E427402552}.Debug|Mixed Platforms.Build.0 = Debug|x86
		{12EC6B39-AC35-4909-B18A-54E427402552}.Debug|x64.ActiveCfg = Debug|Any CPU
		{12EC6B39-AC35-4909-B18A-54E427402552}.Debug|x86.ActiveCfg = Debug|x86
		{12EC6B39-AC35-4909-B18A-54E427402552}.Debug|x86.Build.0 = Debug|x86
		{12EC6B39-AC35-4909-B18A-54E427402552}.Release|Any CPU.ActiveCfg = Release|Any CPU
		{12EC6B39-AC35-4909-B18A-54E427402552}.Release|Any CPU.Build.0 = Release|Any CPU
		{12EC6B39-AC35-4909-B18A-54E427402552}.Release|ARM.ActiveCfg = Release|Any CPU
		{12EC6B39-AC35-4909-B18A-54E427402552}.Release|ARM.Build.0 = Release|Any CPU
		{12EC6B39-AC35-4909-B18A-54E427402552}.Release|Mixed Platforms.ActiveCfg = Release|x86
		{12EC6B39-AC35-4909-B18A-54E427402552}.Release|Mixed Platforms.Build.0 = Release|x86
		{12EC6B39-AC35-4909-B18A-54E427402552}.Release|x64.ActiveCfg = Release|Any CPU
		{12EC6B39-AC35-4909-B18A-54E427402552}.Release|x86.ActiveCfg = Release|x86
		{12EC6B39-AC35-4909-B18A-54E427402552}.Release|x86.Build.0 = Release|x86
		{6B7CA140-A928-4F7C-BDCD-7813EE043D05}.Debug|Any CPU.ActiveCfg = Debug|Any CPU
		{6B7CA140-A928-4F7C-BDCD-7813EE043D05}.Debug|Any CPU.Build.0 = Debug|Any CPU
		{6B7CA140-A928-4F7C-BDCD-7813EE043D05}.Debug|ARM.ActiveCfg = Debug|ARM
		{6B7CA140-A928-4F7C-BDCD-7813EE043D05}.Debug|Mixed Platforms.ActiveCfg = Debug|Any CPU
		{6B7CA140-A928-4F7C-BDCD-7813EE043D05}.Debug|Mixed Platforms.Build.0 = Debug|Any CPU
		{6B7CA140-A928-4F7C-BDCD-7813EE043D05}.Debug|x64.ActiveCfg = Debug|Any CPU
		{6B7CA140-A928-4F7C-BDCD-7813EE043D05}.Debug|x86.ActiveCfg = Debug|Any CPU
		{6B7CA140-A928-4F7C-BDCD-7813EE043D05}.Release|Any CPU.ActiveCfg = Release|Any CPU
		{6B7CA140-A928-4F7C-BDCD-7813EE043D05}.Release|Any CPU.Build.0 = Release|Any CPU
		{6B7CA140-A928-4F7C-BDCD-7813EE043D05}.Release|ARM.ActiveCfg = Release|Any CPU
		{6B7CA140-A928-4F7C-BDCD-7813EE043D05}.Release|Mixed Platforms.ActiveCfg = Release|Any CPU
		{6B7CA140-A928-4F7C-BDCD-7813EE043D05}.Release|Mixed Platforms.Build.0 = Release|Any CPU
		{6B7CA140-A928-4F7C-BDCD-7813EE043D05}.Release|x64.ActiveCfg = Release|Any CPU
		{6B7CA140-A928-4F7C-BDCD-7813EE043D05}.Release|x86.ActiveCfg = Release|Any CPU
		{4192BEF7-2C53-4945-A8B0-AAA923C5891D}.Debug|Any CPU.ActiveCfg = Debug|Any CPU
		{4192BEF7-2C53-4945-A8B0-AAA923C5891D}.Debug|Any CPU.Build.0 = Debug|Any CPU
		{4192BEF7-2C53-4945-A8B0-AAA923C5891D}.Debug|ARM.ActiveCfg = Debug|ARM
		{4192BEF7-2C53-4945-A8B0-AAA923C5891D}.Debug|ARM.Build.0 = Debug|ARM
		{4192BEF7-2C53-4945-A8B0-AAA923C5891D}.Debug|Mixed Platforms.ActiveCfg = Debug|Any CPU
		{4192BEF7-2C53-4945-A8B0-AAA923C5891D}.Debug|Mixed Platforms.Build.0 = Debug|Any CPU
		{4192BEF7-2C53-4945-A8B0-AAA923C5891D}.Debug|x64.ActiveCfg = Debug|Any CPU
		{4192BEF7-2C53-4945-A8B0-AAA923C5891D}.Debug|x86.ActiveCfg = Debug|Any CPU
		{4192BEF7-2C53-4945-A8B0-AAA923C5891D}.Release|Any CPU.ActiveCfg = Release|Any CPU
		{4192BEF7-2C53-4945-A8B0-AAA923C5891D}.Release|Any CPU.Build.0 = Release|Any CPU
		{4192BEF7-2C53-4945-A8B0-AAA923C5891D}.Release|ARM.ActiveCfg = Release|Any CPU
		{4192BEF7-2C53-4945-A8B0-AAA923C5891D}.Release|Mixed Platforms.ActiveCfg = Release|Any CPU
		{4192BEF7-2C53-4945-A8B0-AAA923C5891D}.Release|Mixed Platforms.Build.0 = Release|Any CPU
		{4192BEF7-2C53-4945-A8B0-AAA923C5891D}.Release|x64.ActiveCfg = Release|Any CPU
		{4192BEF7-2C53-4945-A8B0-AAA923C5891D}.Release|x86.ActiveCfg = Release|Any CPU
	EndGlobalSection
	GlobalSection(SolutionProperties) = preSolution
		HideSolutionNode = FALSE
	EndGlobalSection
	GlobalSection(NestedProjects) = preSolution
		{7ACCA6A9-35BC-42FA-87D0-16FAF2165403} = {344F7495-2116-43C8-AE71-EBC6C4C00851}
		{12EC6B39-AC35-4909-B18A-54E427402552} = {3D10D58F-B55D-4F1D-8066-D85136DC0C07}
		{6B7CA140-A928-4F7C-BDCD-7813EE043D05} = {FA60D082-1956-48EB-809E-FCBC4B0F5E84}
		{4192BEF7-2C53-4945-A8B0-AAA923C5891D} = {3D10D58F-B55D-4F1D-8066-D85136DC0C07}
	EndGlobalSection
EndGlobal
